// !$*UTF8*$!
{
	archiveVersion = 1;
	classes = {
	};
	objectVersion = 56;
	objects = {

/* Begin PBXBuildFile section */
		524CF6F42B2C3A9C003B53DF /* InitialRouter.swift in Sources */ = {isa = PBXBuildFile; fileRef = 524CF6F32B2C3A9C003B53DF /* InitialRouter.swift */; };
		524CF6F82B2C4E7F003B53DF /* TabBarRouterProtocol.swift in Sources */ = {isa = PBXBuildFile; fileRef = 524CF6F72B2C4E7F003B53DF /* TabBarRouterProtocol.swift */; };
		524CF6FA2B2C4EA6003B53DF /* TabBarRouter.swift in Sources */ = {isa = PBXBuildFile; fileRef = 524CF6F92B2C4EA6003B53DF /* TabBarRouter.swift */; };
		524CF6FE2B2C4EF7003B53DF /* TabBarPresenterProtocol.swift in Sources */ = {isa = PBXBuildFile; fileRef = 524CF6FD2B2C4EF7003B53DF /* TabBarPresenterProtocol.swift */; };
		524CF7002B2C4F19003B53DF /* TabBarPresenter.swift in Sources */ = {isa = PBXBuildFile; fileRef = 524CF6FF2B2C4F19003B53DF /* TabBarPresenter.swift */; };
		524CF7042B2C4F91003B53DF /* TabBarProtocol.swift in Sources */ = {isa = PBXBuildFile; fileRef = 524CF7032B2C4F91003B53DF /* TabBarProtocol.swift */; };
		524CF7062B2C4FB1003B53DF /* TabBarBuilder.swift in Sources */ = {isa = PBXBuildFile; fileRef = 524CF7052B2C4FB1003B53DF /* TabBarBuilder.swift */; };
		524CF70B2B2C5B7F003B53DF /* ListProductViewController.swift in Sources */ = {isa = PBXBuildFile; fileRef = 524CF70A2B2C5B7F003B53DF /* ListProductViewController.swift */; };
		52C70F302B2A41E400052FD1 /* AppDelegate.swift in Sources */ = {isa = PBXBuildFile; fileRef = 52C70F2F2B2A41E400052FD1 /* AppDelegate.swift */; };
		52C70F322B2A41E400052FD1 /* SceneDelegate.swift in Sources */ = {isa = PBXBuildFile; fileRef = 52C70F312B2A41E400052FD1 /* SceneDelegate.swift */; };
		52C70F342B2A41E400052FD1 /* HomeViewController.swift in Sources */ = {isa = PBXBuildFile; fileRef = 52C70F332B2A41E400052FD1 /* HomeViewController.swift */; };
		52C70F3A2B2A41E400052FD1 /* EcoMarket.xcdatamodeld in Sources */ = {isa = PBXBuildFile; fileRef = 52C70F382B2A41E400052FD1 /* EcoMarket.xcdatamodeld */; };
		52C70F3C2B2A41E800052FD1 /* Assets.xcassets in Resources */ = {isa = PBXBuildFile; fileRef = 52C70F3B2B2A41E800052FD1 /* Assets.xcassets */; };
		52C70F3F2B2A41E800052FD1 /* LaunchScreen.storyboard in Resources */ = {isa = PBXBuildFile; fileRef = 52C70F3D2B2A41E800052FD1 /* LaunchScreen.storyboard */; };
		52C70F4A2B2A41E800052FD1 /* EcoMarketTests.swift in Sources */ = {isa = PBXBuildFile; fileRef = 52C70F492B2A41E800052FD1 /* EcoMarketTests.swift */; };
		52C70F542B2A41E900052FD1 /* EcoMarketUITests.swift in Sources */ = {isa = PBXBuildFile; fileRef = 52C70F532B2A41E900052FD1 /* EcoMarketUITests.swift */; };
		52C70F562B2A41E900052FD1 /* EcoMarketUITestsLaunchTests.swift in Sources */ = {isa = PBXBuildFile; fileRef = 52C70F552B2A41E900052FD1 /* EcoMarketUITestsLaunchTests.swift */; };
		52C70F682B2A431D00052FD1 /* TabBarController.swift in Sources */ = {isa = PBXBuildFile; fileRef = 52C70F672B2A431D00052FD1 /* TabBarController.swift */; };
		52C70F742B2A46F500052FD1 /* BusketViewController.swift in Sources */ = {isa = PBXBuildFile; fileRef = 52C70F732B2A46F500052FD1 /* BusketViewController.swift */; };
		52C70F792B2A471F00052FD1 /* HistoryViewController.swift in Sources */ = {isa = PBXBuildFile; fileRef = 52C70F782B2A471F00052FD1 /* HistoryViewController.swift */; };
		52C70F7E2B2A473C00052FD1 /* InfoViewController.swift in Sources */ = {isa = PBXBuildFile; fileRef = 52C70F7D2B2A473C00052FD1 /* InfoViewController.swift */; };
		52C70F832B2A47E400052FD1 /* UIcolor + extention.swift in Sources */ = {isa = PBXBuildFile; fileRef = 52C70F822B2A47E400052FD1 /* UIcolor + extention.swift */; };
		52C70F852B2A483F00052FD1 /* Color.xcassets in Resources */ = {isa = PBXBuildFile; fileRef = 52C70F842B2A483F00052FD1 /* Color.xcassets */; };
		52C70F882B2A49B000052FD1 /* BaseViewController.swift in Sources */ = {isa = PBXBuildFile; fileRef = 52C70F872B2A49B000052FD1 /* BaseViewController.swift */; };
		52C70F8D2B2A4E8200052FD1 /* CategoryCollectionViewCell.swift in Sources */ = {isa = PBXBuildFile; fileRef = 52C70F8C2B2A4E8200052FD1 /* CategoryCollectionViewCell.swift */; };
		52C70F902B2A4EC300052FD1 /* UICollectionViewCell + extension.swift in Sources */ = {isa = PBXBuildFile; fileRef = 52C70F8F2B2A4EC300052FD1 /* UICollectionViewCell + extension.swift */; };
		52C70F932B2A54E100052FD1 /* APIEndpoints.swift in Sources */ = {isa = PBXBuildFile; fileRef = 52C70F922B2A54E100052FD1 /* APIEndpoints.swift */; };
		52C70F972B2A561D00052FD1 /* ProductCategory.swift in Sources */ = {isa = PBXBuildFile; fileRef = 52C70F962B2A561D00052FD1 /* ProductCategory.swift */; };
		52C70F9A2B2A567700052FD1 /* Kingfisher in Frameworks */ = {isa = PBXBuildFile; productRef = 52C70F992B2A567700052FD1 /* Kingfisher */; };
		52C70F9C2B2A591E00052FD1 /* Product.swift in Sources */ = {isa = PBXBuildFile; fileRef = 52C70F9B2B2A591E00052FD1 /* Product.swift */; };
		52C70F9F2B2A59B400052FD1 /* NetworkManager.swift in Sources */ = {isa = PBXBuildFile; fileRef = 52C70F9E2B2A59B400052FD1 /* NetworkManager.swift */; };
		52C70FA22B2A5A0900052FD1 /* NetworkService.swift in Sources */ = {isa = PBXBuildFile; fileRef = 52C70FA12B2A5A0900052FD1 /* NetworkService.swift */; };
		52C70FA52B2A67F800052FD1 /* UIImageView + extension.swift in Sources */ = {isa = PBXBuildFile; fileRef = 52C70FA42B2A67F800052FD1 /* UIImageView + extension.swift */; };
		52C70FA72B2A69F500052FD1 /* HomeModel.swift in Sources */ = {isa = PBXBuildFile; fileRef = 52C70FA62B2A69F500052FD1 /* HomeModel.swift */; };
		52C70FA92B2A6BBD00052FD1 /* HomePresenter.swift in Sources */ = {isa = PBXBuildFile; fileRef = 52C70FA82B2A6BBD00052FD1 /* HomePresenter.swift */; };
		52E232112B2F5194007CC631 /* ListProductPresenter.swift in Sources */ = {isa = PBXBuildFile; fileRef = 52E232102B2F5194007CC631 /* ListProductPresenter.swift */; };
		52E232162B2F56FA007CC631 /* ListProductModel.swift in Sources */ = {isa = PBXBuildFile; fileRef = 52E232152B2F56FA007CC631 /* ListProductModel.swift */; };
/* End PBXBuildFile section */

/* Begin PBXContainerItemProxy section */
		52C70F462B2A41E800052FD1 /* PBXContainerItemProxy */ = {
			isa = PBXContainerItemProxy;
			containerPortal = 52C70F242B2A41E400052FD1 /* Project object */;
			proxyType = 1;
			remoteGlobalIDString = 52C70F2B2B2A41E400052FD1;
			remoteInfo = EcoMarket;
		};
		52C70F502B2A41E900052FD1 /* PBXContainerItemProxy */ = {
			isa = PBXContainerItemProxy;
			containerPortal = 52C70F242B2A41E400052FD1 /* Project object */;
			proxyType = 1;
			remoteGlobalIDString = 52C70F2B2B2A41E400052FD1;
			remoteInfo = EcoMarket;
		};
/* End PBXContainerItemProxy section */

/* Begin PBXFileReference section */
		524CF6F32B2C3A9C003B53DF /* InitialRouter.swift */ = {isa = PBXFileReference; lastKnownFileType = sourcecode.swift; path = InitialRouter.swift; sourceTree = "<group>"; };
		524CF6F72B2C4E7F003B53DF /* TabBarRouterProtocol.swift */ = {isa = PBXFileReference; lastKnownFileType = sourcecode.swift; path = TabBarRouterProtocol.swift; sourceTree = "<group>"; };
		524CF6F92B2C4EA6003B53DF /* TabBarRouter.swift */ = {isa = PBXFileReference; lastKnownFileType = sourcecode.swift; path = TabBarRouter.swift; sourceTree = "<group>"; };
		524CF6FD2B2C4EF7003B53DF /* TabBarPresenterProtocol.swift */ = {isa = PBXFileReference; lastKnownFileType = sourcecode.swift; path = TabBarPresenterProtocol.swift; sourceTree = "<group>"; };
		524CF6FF2B2C4F19003B53DF /* TabBarPresenter.swift */ = {isa = PBXFileReference; lastKnownFileType = sourcecode.swift; path = TabBarPresenter.swift; sourceTree = "<group>"; };
		524CF7032B2C4F91003B53DF /* TabBarProtocol.swift */ = {isa = PBXFileReference; lastKnownFileType = sourcecode.swift; path = TabBarProtocol.swift; sourceTree = "<group>"; };
		524CF7052B2C4FB1003B53DF /* TabBarBuilder.swift */ = {isa = PBXFileReference; lastKnownFileType = sourcecode.swift; path = TabBarBuilder.swift; sourceTree = "<group>"; };
		524CF70A2B2C5B7F003B53DF /* ListProductViewController.swift */ = {isa = PBXFileReference; lastKnownFileType = sourcecode.swift; path = ListProductViewController.swift; sourceTree = "<group>"; };
		52C70F2C2B2A41E400052FD1 /* EcoMarket.app */ = {isa = PBXFileReference; explicitFileType = wrapper.application; includeInIndex = 0; path = EcoMarket.app; sourceTree = BUILT_PRODUCTS_DIR; };
		52C70F2F2B2A41E400052FD1 /* AppDelegate.swift */ = {isa = PBXFileReference; lastKnownFileType = sourcecode.swift; path = AppDelegate.swift; sourceTree = "<group>"; };
		52C70F312B2A41E400052FD1 /* SceneDelegate.swift */ = {isa = PBXFileReference; lastKnownFileType = sourcecode.swift; path = SceneDelegate.swift; sourceTree = "<group>"; };
		52C70F332B2A41E400052FD1 /* HomeViewController.swift */ = {isa = PBXFileReference; lastKnownFileType = sourcecode.swift; path = HomeViewController.swift; sourceTree = "<group>"; };
		52C70F392B2A41E400052FD1 /* EcoMarket.xcdatamodel */ = {isa = PBXFileReference; lastKnownFileType = wrapper.xcdatamodel; path = EcoMarket.xcdatamodel; sourceTree = "<group>"; };
		52C70F3B2B2A41E800052FD1 /* Assets.xcassets */ = {isa = PBXFileReference; lastKnownFileType = folder.assetcatalog; path = Assets.xcassets; sourceTree = "<group>"; };
		52C70F3E2B2A41E800052FD1 /* Base */ = {isa = PBXFileReference; lastKnownFileType = file.storyboard; name = Base; path = Base.lproj/LaunchScreen.storyboard; sourceTree = "<group>"; };
		52C70F402B2A41E800052FD1 /* Info.plist */ = {isa = PBXFileReference; lastKnownFileType = text.plist.xml; path = Info.plist; sourceTree = "<group>"; };
		52C70F452B2A41E800052FD1 /* EcoMarketTests.xctest */ = {isa = PBXFileReference; explicitFileType = wrapper.cfbundle; includeInIndex = 0; path = EcoMarketTests.xctest; sourceTree = BUILT_PRODUCTS_DIR; };
		52C70F492B2A41E800052FD1 /* EcoMarketTests.swift */ = {isa = PBXFileReference; lastKnownFileType = sourcecode.swift; path = EcoMarketTests.swift; sourceTree = "<group>"; };
		52C70F4F2B2A41E900052FD1 /* EcoMarketUITests.xctest */ = {isa = PBXFileReference; explicitFileType = wrapper.cfbundle; includeInIndex = 0; path = EcoMarketUITests.xctest; sourceTree = BUILT_PRODUCTS_DIR; };
		52C70F532B2A41E900052FD1 /* EcoMarketUITests.swift */ = {isa = PBXFileReference; lastKnownFileType = sourcecode.swift; path = EcoMarketUITests.swift; sourceTree = "<group>"; };
		52C70F552B2A41E900052FD1 /* EcoMarketUITestsLaunchTests.swift */ = {isa = PBXFileReference; lastKnownFileType = sourcecode.swift; path = EcoMarketUITestsLaunchTests.swift; sourceTree = "<group>"; };
		52C70F672B2A431D00052FD1 /* TabBarController.swift */ = {isa = PBXFileReference; lastKnownFileType = sourcecode.swift; path = TabBarController.swift; sourceTree = "<group>"; };
		52C70F732B2A46F500052FD1 /* BusketViewController.swift */ = {isa = PBXFileReference; lastKnownFileType = sourcecode.swift; path = BusketViewController.swift; sourceTree = "<group>"; };
		52C70F782B2A471F00052FD1 /* HistoryViewController.swift */ = {isa = PBXFileReference; lastKnownFileType = sourcecode.swift; path = HistoryViewController.swift; sourceTree = "<group>"; };
		52C70F7D2B2A473C00052FD1 /* InfoViewController.swift */ = {isa = PBXFileReference; lastKnownFileType = sourcecode.swift; path = InfoViewController.swift; sourceTree = "<group>"; };
		52C70F822B2A47E400052FD1 /* UIcolor + extention.swift */ = {isa = PBXFileReference; lastKnownFileType = sourcecode.swift; path = "UIcolor + extention.swift"; sourceTree = "<group>"; };
		52C70F842B2A483F00052FD1 /* Color.xcassets */ = {isa = PBXFileReference; lastKnownFileType = folder.assetcatalog; path = Color.xcassets; sourceTree = "<group>"; };
		52C70F872B2A49B000052FD1 /* BaseViewController.swift */ = {isa = PBXFileReference; lastKnownFileType = sourcecode.swift; path = BaseViewController.swift; sourceTree = "<group>"; };
		52C70F8C2B2A4E8200052FD1 /* CategoryCollectionViewCell.swift */ = {isa = PBXFileReference; lastKnownFileType = sourcecode.swift; path = CategoryCollectionViewCell.swift; sourceTree = "<group>"; };
		52C70F8F2B2A4EC300052FD1 /* UICollectionViewCell + extension.swift */ = {isa = PBXFileReference; lastKnownFileType = sourcecode.swift; path = "UICollectionViewCell + extension.swift"; sourceTree = "<group>"; };
		52C70F922B2A54E100052FD1 /* APIEndpoints.swift */ = {isa = PBXFileReference; lastKnownFileType = sourcecode.swift; path = APIEndpoints.swift; sourceTree = "<group>"; };
		52C70F962B2A561D00052FD1 /* ProductCategory.swift */ = {isa = PBXFileReference; lastKnownFileType = sourcecode.swift; path = ProductCategory.swift; sourceTree = "<group>"; };
		52C70F9B2B2A591E00052FD1 /* Product.swift */ = {isa = PBXFileReference; lastKnownFileType = sourcecode.swift; path = Product.swift; sourceTree = "<group>"; };
		52C70F9E2B2A59B400052FD1 /* NetworkManager.swift */ = {isa = PBXFileReference; lastKnownFileType = sourcecode.swift; path = NetworkManager.swift; sourceTree = "<group>"; };
		52C70FA12B2A5A0900052FD1 /* NetworkService.swift */ = {isa = PBXFileReference; lastKnownFileType = sourcecode.swift; path = NetworkService.swift; sourceTree = "<group>"; };
		52C70FA42B2A67F800052FD1 /* UIImageView + extension.swift */ = {isa = PBXFileReference; lastKnownFileType = sourcecode.swift; path = "UIImageView + extension.swift"; sourceTree = "<group>"; };
		52C70FA62B2A69F500052FD1 /* HomeModel.swift */ = {isa = PBXFileReference; lastKnownFileType = sourcecode.swift; path = HomeModel.swift; sourceTree = "<group>"; };
		52C70FA82B2A6BBD00052FD1 /* HomePresenter.swift */ = {isa = PBXFileReference; lastKnownFileType = sourcecode.swift; path = HomePresenter.swift; sourceTree = "<group>"; };
		52E232102B2F5194007CC631 /* ListProductPresenter.swift */ = {isa = PBXFileReference; lastKnownFileType = sourcecode.swift; path = ListProductPresenter.swift; sourceTree = "<group>"; };
		52E232152B2F56FA007CC631 /* ListProductModel.swift */ = {isa = PBXFileReference; lastKnownFileType = sourcecode.swift; path = ListProductModel.swift; sourceTree = "<group>"; };
/* End PBXFileReference section */

/* Begin PBXFrameworksBuildPhase section */
		52C70F292B2A41E400052FD1 /* Frameworks */ = {
			isa = PBXFrameworksBuildPhase;
			buildActionMask = 2147483647;
			files = (
				52C70F9A2B2A567700052FD1 /* Kingfisher in Frameworks */,
			);
			runOnlyForDeploymentPostprocessing = 0;
		};
		52C70F422B2A41E800052FD1 /* Frameworks */ = {
			isa = PBXFrameworksBuildPhase;
			buildActionMask = 2147483647;
			files = (
			);
			runOnlyForDeploymentPostprocessing = 0;
		};
		52C70F4C2B2A41E900052FD1 /* Frameworks */ = {
			isa = PBXFrameworksBuildPhase;
			buildActionMask = 2147483647;
			files = (
			);
			runOnlyForDeploymentPostprocessing = 0;
		};
/* End PBXFrameworksBuildPhase section */

/* Begin PBXGroup section */
		524CF6F22B2C3A82003B53DF /* Router */ = {
			isa = PBXGroup;
			children = (
				524CF6F32B2C3A9C003B53DF /* InitialRouter.swift */,
			);
			path = Router;
			sourceTree = "<group>";
		};
		524CF6F52B2C4E38003B53DF /* TabBarRouter */ = {
			isa = PBXGroup;
			children = (
				524CF6F62B2C4E5E003B53DF /* Protocol */,
				524CF6F92B2C4EA6003B53DF /* TabBarRouter.swift */,
			);
			path = TabBarRouter;
			sourceTree = "<group>";
		};
		524CF6F62B2C4E5E003B53DF /* Protocol */ = {
			isa = PBXGroup;
			children = (
				524CF6F72B2C4E7F003B53DF /* TabBarRouterProtocol.swift */,
			);
			path = Protocol;
			sourceTree = "<group>";
		};
		524CF6FB2B2C4EC9003B53DF /* TabBarPresenter */ = {
			isa = PBXGroup;
			children = (
				524CF6FC2B2C4EE3003B53DF /* Protocol */,
				524CF6FF2B2C4F19003B53DF /* TabBarPresenter.swift */,
			);
			path = TabBarPresenter;
			sourceTree = "<group>";
		};
		524CF6FC2B2C4EE3003B53DF /* Protocol */ = {
			isa = PBXGroup;
			children = (
				524CF6FD2B2C4EF7003B53DF /* TabBarPresenterProtocol.swift */,
			);
			path = Protocol;
			sourceTree = "<group>";
		};
		524CF7012B2C4F59003B53DF /* TabBarBuilder */ = {
			isa = PBXGroup;
			children = (
				524CF7022B2C4F80003B53DF /* Protocol */,
				524CF7052B2C4FB1003B53DF /* TabBarBuilder.swift */,
			);
			path = TabBarBuilder;
			sourceTree = "<group>";
		};
		524CF7022B2C4F80003B53DF /* Protocol */ = {
			isa = PBXGroup;
			children = (
				524CF7032B2C4F91003B53DF /* TabBarProtocol.swift */,
			);
			path = Protocol;
			sourceTree = "<group>";
		};
		524CF7082B2C5B07003B53DF /* CoreScreens */ = {
			isa = PBXGroup;
			children = (
				52C70F692B2A45BD00052FD1 /* HomeScreen */,
				52C70F6D2B2A45E000052FD1 /* BusketScreen */,
				52C70F6E2B2A45F300052FD1 /* HistoryScreen */,
				52C70F6F2B2A460400052FD1 /* InfoScreen */,
			);
			path = CoreScreens;
			sourceTree = "<group>";
		};
		524CF7092B2C5B12003B53DF /* GeneralScreens */ = {
			isa = PBXGroup;
			children = (
				52E232122B2F519E007CC631 /* ListProductScreen */,
			);
			path = GeneralScreens;
			sourceTree = "<group>";
		};
		52C70F232B2A41E400052FD1 = {
			isa = PBXGroup;
			children = (
				52C70F2E2B2A41E400052FD1 /* EcoMarket */,
				52C70F482B2A41E800052FD1 /* EcoMarketTests */,
				52C70F522B2A41E900052FD1 /* EcoMarketUITests */,
				52C70F2D2B2A41E400052FD1 /* Products */,
			);
			sourceTree = "<group>";
		};
		52C70F2D2B2A41E400052FD1 /* Products */ = {
			isa = PBXGroup;
			children = (
				52C70F2C2B2A41E400052FD1 /* EcoMarket.app */,
				52C70F452B2A41E800052FD1 /* EcoMarketTests.xctest */,
				52C70F4F2B2A41E900052FD1 /* EcoMarketUITests.xctest */,
			);
			name = Products;
			sourceTree = "<group>";
		};
		52C70F2E2B2A41E400052FD1 /* EcoMarket */ = {
			isa = PBXGroup;
			children = (
				52C70F642B2A421700052FD1 /* App */,
				52C70F942B2A55FD00052FD1 /* Model */,
				52C70F652B2A422900052FD1 /* Workflow */,
				52C70F7F2B2A47A700052FD1 /* Components */,
				52C70F622B2A41FA00052FD1 /* Resourse */,
			);
			path = EcoMarket;
			sourceTree = "<group>";
		};
		52C70F482B2A41E800052FD1 /* EcoMarketTests */ = {
			isa = PBXGroup;
			children = (
				52C70F492B2A41E800052FD1 /* EcoMarketTests.swift */,
			);
			path = EcoMarketTests;
			sourceTree = "<group>";
		};
		52C70F522B2A41E900052FD1 /* EcoMarketUITests */ = {
			isa = PBXGroup;
			children = (
				52C70F532B2A41E900052FD1 /* EcoMarketUITests.swift */,
				52C70F552B2A41E900052FD1 /* EcoMarketUITestsLaunchTests.swift */,
			);
			path = EcoMarketUITests;
			sourceTree = "<group>";
		};
		52C70F622B2A41FA00052FD1 /* Resourse */ = {
			isa = PBXGroup;
			children = (
				52C70F3B2B2A41E800052FD1 /* Assets.xcassets */,
				52C70F3D2B2A41E800052FD1 /* LaunchScreen.storyboard */,
				52C70F402B2A41E800052FD1 /* Info.plist */,
				52C70F632B2A420500052FD1 /* CoreData */,
			);
			path = Resourse;
			sourceTree = "<group>";
		};
		52C70F632B2A420500052FD1 /* CoreData */ = {
			isa = PBXGroup;
			children = (
				52C70F382B2A41E400052FD1 /* EcoMarket.xcdatamodeld */,
			);
			path = CoreData;
			sourceTree = "<group>";
		};
		52C70F642B2A421700052FD1 /* App */ = {
			isa = PBXGroup;
			children = (
				52C70F2F2B2A41E400052FD1 /* AppDelegate.swift */,
				52C70F312B2A41E400052FD1 /* SceneDelegate.swift */,
			);
			path = App;
			sourceTree = "<group>";
		};
		52C70F652B2A422900052FD1 /* Workflow */ = {
			isa = PBXGroup;
			children = (
				524CF6F22B2C3A82003B53DF /* Router */,
				52C70F862B2A499C00052FD1 /* Bases */,
				52C70F662B2A42E800052FD1 /* TabBar */,
				524CF7092B2C5B12003B53DF /* GeneralScreens */,
				524CF7082B2C5B07003B53DF /* CoreScreens */,
			);
			path = Workflow;
			sourceTree = "<group>";
		};
		52C70F662B2A42E800052FD1 /* TabBar */ = {
			isa = PBXGroup;
			children = (
				52C70F672B2A431D00052FD1 /* TabBarController.swift */,
				524CF7012B2C4F59003B53DF /* TabBarBuilder */,
				524CF6FB2B2C4EC9003B53DF /* TabBarPresenter */,
				524CF6F52B2C4E38003B53DF /* TabBarRouter */,
			);
			path = TabBar;
			sourceTree = "<group>";
		};
		52C70F692B2A45BD00052FD1 /* HomeScreen */ = {
			isa = PBXGroup;
			children = (
				52C70F6C2B2A45D600052FD1 /* Model */,
				52C70F6B2B2A45CC00052FD1 /* Presenter */,
				52C70F6A2B2A45C500052FD1 /* View */,
			);
			path = HomeScreen;
			sourceTree = "<group>";
		};
		52C70F6A2B2A45C500052FD1 /* View */ = {
			isa = PBXGroup;
			children = (
				52C70F332B2A41E400052FD1 /* HomeViewController.swift */,
			);
			path = View;
			sourceTree = "<group>";
		};
		52C70F6B2B2A45CC00052FD1 /* Presenter */ = {
			isa = PBXGroup;
			children = (
				52C70FA82B2A6BBD00052FD1 /* HomePresenter.swift */,
			);
			path = Presenter;
			sourceTree = "<group>";
		};
		52C70F6C2B2A45D600052FD1 /* Model */ = {
			isa = PBXGroup;
			children = (
				52C70FA62B2A69F500052FD1 /* HomeModel.swift */,
			);
			path = Model;
			sourceTree = "<group>";
		};
		52C70F6D2B2A45E000052FD1 /* BusketScreen */ = {
			isa = PBXGroup;
			children = (
				52C70F702B2A46CC00052FD1 /* Model */,
				52C70F712B2A46D400052FD1 /* Presenter */,
				52C70F722B2A46DA00052FD1 /* View */,
			);
			path = BusketScreen;
			sourceTree = "<group>";
		};
		52C70F6E2B2A45F300052FD1 /* HistoryScreen */ = {
			isa = PBXGroup;
			children = (
				52C70F772B2A470C00052FD1 /* Model */,
				52C70F762B2A470400052FD1 /* Presenter */,
				52C70F752B2A46FE00052FD1 /* View */,
			);
			path = HistoryScreen;
			sourceTree = "<group>";
		};
		52C70F6F2B2A460400052FD1 /* InfoScreen */ = {
			isa = PBXGroup;
			children = (
				52C70F7C2B2A472E00052FD1 /* Model */,
				52C70F7B2B2A472800052FD1 /* Presenter */,
				52C70F7A2B2A472300052FD1 /* View */,
			);
			path = InfoScreen;
			sourceTree = "<group>";
		};
		52C70F702B2A46CC00052FD1 /* Model */ = {
			isa = PBXGroup;
			children = (
			);
			path = Model;
			sourceTree = "<group>";
		};
		52C70F712B2A46D400052FD1 /* Presenter */ = {
			isa = PBXGroup;
			children = (
			);
			path = Presenter;
			sourceTree = "<group>";
		};
		52C70F722B2A46DA00052FD1 /* View */ = {
			isa = PBXGroup;
			children = (
				52C70F732B2A46F500052FD1 /* BusketViewController.swift */,
			);
			path = View;
			sourceTree = "<group>";
		};
		52C70F752B2A46FE00052FD1 /* View */ = {
			isa = PBXGroup;
			children = (
				52C70F782B2A471F00052FD1 /* HistoryViewController.swift */,
			);
			path = View;
			sourceTree = "<group>";
		};
		52C70F762B2A470400052FD1 /* Presenter */ = {
			isa = PBXGroup;
			children = (
			);
			path = Presenter;
			sourceTree = "<group>";
		};
		52C70F772B2A470C00052FD1 /* Model */ = {
			isa = PBXGroup;
			children = (
			);
			path = Model;
			sourceTree = "<group>";
		};
		52C70F7A2B2A472300052FD1 /* View */ = {
			isa = PBXGroup;
			children = (
				52C70F7D2B2A473C00052FD1 /* InfoViewController.swift */,
			);
			path = View;
			sourceTree = "<group>";
		};
		52C70F7B2B2A472800052FD1 /* Presenter */ = {
			isa = PBXGroup;
			children = (
			);
			path = Presenter;
			sourceTree = "<group>";
		};
		52C70F7C2B2A472E00052FD1 /* Model */ = {
			isa = PBXGroup;
			children = (
			);
			path = Model;
			sourceTree = "<group>";
		};
		52C70F7F2B2A47A700052FD1 /* Components */ = {
			isa = PBXGroup;
			children = (
				52C70F912B2A54C700052FD1 /* Constants */,
				52C70F892B2A4E4800052FD1 /* Customs */,
				52C70F802B2A47BB00052FD1 /* Extensions */,
			);
			path = Components;
			sourceTree = "<group>";
		};
		52C70F802B2A47BB00052FD1 /* Extensions */ = {
			isa = PBXGroup;
			children = (
				52C70FA32B2A67E100052FD1 /* UIImageView */,
				52C70F8E2B2A4E9800052FD1 /* UICollectionViewCell */,
				52C70F812B2A47C900052FD1 /* UIColor */,
			);
			path = Extensions;
			sourceTree = "<group>";
		};
		52C70F812B2A47C900052FD1 /* UIColor */ = {
			isa = PBXGroup;
			children = (
				52C70F822B2A47E400052FD1 /* UIcolor + extention.swift */,
				52C70F842B2A483F00052FD1 /* Color.xcassets */,
			);
			path = UIColor;
			sourceTree = "<group>";
		};
		52C70F862B2A499C00052FD1 /* Bases */ = {
			isa = PBXGroup;
			children = (
				52C70F872B2A49B000052FD1 /* BaseViewController.swift */,
			);
			path = Bases;
			sourceTree = "<group>";
		};
		52C70F892B2A4E4800052FD1 /* Customs */ = {
			isa = PBXGroup;
			children = (
				52C70F8A2B2A4E5800052FD1 /* Cells */,
			);
			path = Customs;
			sourceTree = "<group>";
		};
		52C70F8A2B2A4E5800052FD1 /* Cells */ = {
			isa = PBXGroup;
			children = (
				52C70F8B2B2A4E6000052FD1 /* UIColletionViewCell */,
			);
			path = Cells;
			sourceTree = "<group>";
		};
		52C70F8B2B2A4E6000052FD1 /* UIColletionViewCell */ = {
			isa = PBXGroup;
			children = (
				52C70F8C2B2A4E8200052FD1 /* CategoryCollectionViewCell.swift */,
			);
			path = UIColletionViewCell;
			sourceTree = "<group>";
		};
		52C70F8E2B2A4E9800052FD1 /* UICollectionViewCell */ = {
			isa = PBXGroup;
			children = (
				52C70F8F2B2A4EC300052FD1 /* UICollectionViewCell + extension.swift */,
			);
			path = UICollectionViewCell;
			sourceTree = "<group>";
		};
		52C70F912B2A54C700052FD1 /* Constants */ = {
			isa = PBXGroup;
			children = (
				52C70F922B2A54E100052FD1 /* APIEndpoints.swift */,
			);
			path = Constants;
			sourceTree = "<group>";
		};
		52C70F942B2A55FD00052FD1 /* Model */ = {
			isa = PBXGroup;
			children = (
				52C70F9D2B2A598000052FD1 /* Network */,
				52C70F952B2A560800052FD1 /* DTOs */,
			);
			path = Model;
			sourceTree = "<group>";
		};
		52C70F952B2A560800052FD1 /* DTOs */ = {
			isa = PBXGroup;
			children = (
				52C70F962B2A561D00052FD1 /* ProductCategory.swift */,
				52C70F9B2B2A591E00052FD1 /* Product.swift */,
			);
			path = DTOs;
			sourceTree = "<group>";
		};
		52C70F9D2B2A598000052FD1 /* Network */ = {
			isa = PBXGroup;
			children = (
				52C70FA02B2A59FC00052FD1 /* NetwokService */,
				52C70F9E2B2A59B400052FD1 /* NetworkManager.swift */,
			);
			path = Network;
			sourceTree = "<group>";
		};
		52C70FA02B2A59FC00052FD1 /* NetwokService */ = {
			isa = PBXGroup;
			children = (
				52C70FA12B2A5A0900052FD1 /* NetworkService.swift */,
			);
			path = NetwokService;
			sourceTree = "<group>";
		};
		52C70FA32B2A67E100052FD1 /* UIImageView */ = {
			isa = PBXGroup;
			children = (
				52C70FA42B2A67F800052FD1 /* UIImageView + extension.swift */,
			);
			path = UIImageView;
			sourceTree = "<group>";
		};
		52E2320F2B2F5175007CC631 /* Presenter */ = {
			isa = PBXGroup;
			children = (
				52E232102B2F5194007CC631 /* ListProductPresenter.swift */,
			);
			path = Presenter;
			sourceTree = "<group>";
		};
		52E232122B2F519E007CC631 /* ListProductScreen */ = {
			isa = PBXGroup;
			children = (
				52E232142B2F56DC007CC631 /* Model */,
				52E2320F2B2F5175007CC631 /* Presenter */,
				52E232132B2F51AF007CC631 /* View */,
			);
			path = ListProductScreen;
			sourceTree = "<group>";
		};
		52E232132B2F51AF007CC631 /* View */ = {
			isa = PBXGroup;
			children = (
				524CF70A2B2C5B7F003B53DF /* ListProductViewController.swift */,
			);
			path = View;
			sourceTree = "<group>";
		};
		52E232142B2F56DC007CC631 /* Model */ = {
			isa = PBXGroup;
			children = (
				52E232152B2F56FA007CC631 /* ListProductModel.swift */,
			);
			path = Model;
			sourceTree = "<group>";
		};
/* End PBXGroup section */

/* Begin PBXNativeTarget section */
		52C70F2B2B2A41E400052FD1 /* EcoMarket */ = {
			isa = PBXNativeTarget;
			buildConfigurationList = 52C70F592B2A41E900052FD1 /* Build configuration list for PBXNativeTarget "EcoMarket" */;
			buildPhases = (
				52C70F282B2A41E400052FD1 /* Sources */,
				52C70F292B2A41E400052FD1 /* Frameworks */,
				52C70F2A2B2A41E400052FD1 /* Resources */,
			);
			buildRules = (
			);
			dependencies = (
			);
			name = EcoMarket;
			packageProductDependencies = (
				52C70F992B2A567700052FD1 /* Kingfisher */,
			);
			productName = EcoMarket;
			productReference = 52C70F2C2B2A41E400052FD1 /* EcoMarket.app */;
			productType = "com.apple.product-type.application";
		};
		52C70F442B2A41E800052FD1 /* EcoMarketTests */ = {
			isa = PBXNativeTarget;
			buildConfigurationList = 52C70F5C2B2A41E900052FD1 /* Build configuration list for PBXNativeTarget "EcoMarketTests" */;
			buildPhases = (
				52C70F412B2A41E800052FD1 /* Sources */,
				52C70F422B2A41E800052FD1 /* Frameworks */,
				52C70F432B2A41E800052FD1 /* Resources */,
			);
			buildRules = (
			);
			dependencies = (
				52C70F472B2A41E800052FD1 /* PBXTargetDependency */,
			);
			name = EcoMarketTests;
			productName = EcoMarketTests;
			productReference = 52C70F452B2A41E800052FD1 /* EcoMarketTests.xctest */;
			productType = "com.apple.product-type.bundle.unit-test";
		};
		52C70F4E2B2A41E900052FD1 /* EcoMarketUITests */ = {
			isa = PBXNativeTarget;
			buildConfigurationList = 52C70F5F2B2A41E900052FD1 /* Build configuration list for PBXNativeTarget "EcoMarketUITests" */;
			buildPhases = (
				52C70F4B2B2A41E900052FD1 /* Sources */,
				52C70F4C2B2A41E900052FD1 /* Frameworks */,
				52C70F4D2B2A41E900052FD1 /* Resources */,
			);
			buildRules = (
			);
			dependencies = (
				52C70F512B2A41E900052FD1 /* PBXTargetDependency */,
			);
			name = EcoMarketUITests;
			productName = EcoMarketUITests;
			productReference = 52C70F4F2B2A41E900052FD1 /* EcoMarketUITests.xctest */;
			productType = "com.apple.product-type.bundle.ui-testing";
		};
/* End PBXNativeTarget section */

/* Begin PBXProject section */
		52C70F242B2A41E400052FD1 /* Project object */ = {
			isa = PBXProject;
			attributes = {
				BuildIndependentTargetsInParallel = 1;
				LastSwiftUpdateCheck = 1430;
				LastUpgradeCheck = 1430;
				TargetAttributes = {
					52C70F2B2B2A41E400052FD1 = {
						CreatedOnToolsVersion = 14.3.1;
					};
					52C70F442B2A41E800052FD1 = {
						CreatedOnToolsVersion = 14.3.1;
						TestTargetID = 52C70F2B2B2A41E400052FD1;
					};
					52C70F4E2B2A41E900052FD1 = {
						CreatedOnToolsVersion = 14.3.1;
						TestTargetID = 52C70F2B2B2A41E400052FD1;
					};
				};
			};
			buildConfigurationList = 52C70F272B2A41E400052FD1 /* Build configuration list for PBXProject "EcoMarket" */;
			compatibilityVersion = "Xcode 14.0";
			developmentRegion = en;
			hasScannedForEncodings = 0;
			knownRegions = (
				en,
				Base,
			);
			mainGroup = 52C70F232B2A41E400052FD1;
			packageReferences = (
				52C70F982B2A567700052FD1 /* XCRemoteSwiftPackageReference "Kingfisher" */,
			);
			productRefGroup = 52C70F2D2B2A41E400052FD1 /* Products */;
			projectDirPath = "";
			projectRoot = "";
			targets = (
				52C70F2B2B2A41E400052FD1 /* EcoMarket */,
				52C70F442B2A41E800052FD1 /* EcoMarketTests */,
				52C70F4E2B2A41E900052FD1 /* EcoMarketUITests */,
			);
		};
/* End PBXProject section */

/* Begin PBXResourcesBuildPhase section */
		52C70F2A2B2A41E400052FD1 /* Resources */ = {
			isa = PBXResourcesBuildPhase;
			buildActionMask = 2147483647;
			files = (
				52C70F3F2B2A41E800052FD1 /* LaunchScreen.storyboard in Resources */,
				52C70F3C2B2A41E800052FD1 /* Assets.xcassets in Resources */,
				52C70F852B2A483F00052FD1 /* Color.xcassets in Resources */,
			);
			runOnlyForDeploymentPostprocessing = 0;
		};
		52C70F432B2A41E800052FD1 /* Resources */ = {
			isa = PBXResourcesBuildPhase;
			buildActionMask = 2147483647;
			files = (
			);
			runOnlyForDeploymentPostprocessing = 0;
		};
		52C70F4D2B2A41E900052FD1 /* Resources */ = {
			isa = PBXResourcesBuildPhase;
			buildActionMask = 2147483647;
			files = (
			);
			runOnlyForDeploymentPostprocessing = 0;
		};
/* End PBXResourcesBuildPhase section */

/* Begin PBXSourcesBuildPhase section */
		52C70F282B2A41E400052FD1 /* Sources */ = {
			isa = PBXSourcesBuildPhase;
			buildActionMask = 2147483647;
			files = (
				524CF6F82B2C4E7F003B53DF /* TabBarRouterProtocol.swift in Sources */,
				52E232162B2F56FA007CC631 /* ListProductModel.swift in Sources */,
				52C70F342B2A41E400052FD1 /* HomeViewController.swift in Sources */,
				524CF7062B2C4FB1003B53DF /* TabBarBuilder.swift in Sources */,
				52C70F3A2B2A41E400052FD1 /* EcoMarket.xcdatamodeld in Sources */,
				52C70FA52B2A67F800052FD1 /* UIImageView + extension.swift in Sources */,
				52C70FA92B2A6BBD00052FD1 /* HomePresenter.swift in Sources */,
				52C70F9C2B2A591E00052FD1 /* Product.swift in Sources */,
				52C70FA72B2A69F500052FD1 /* HomeModel.swift in Sources */,
				52C70F742B2A46F500052FD1 /* BusketViewController.swift in Sources */,
				52C70F9F2B2A59B400052FD1 /* NetworkManager.swift in Sources */,
				52C70FA22B2A5A0900052FD1 /* NetworkService.swift in Sources */,
				524CF6FA2B2C4EA6003B53DF /* TabBarRouter.swift in Sources */,
				52C70F302B2A41E400052FD1 /* AppDelegate.swift in Sources */,
				52C70F832B2A47E400052FD1 /* UIcolor + extention.swift in Sources */,
				52E232112B2F5194007CC631 /* ListProductPresenter.swift in Sources */,
				52C70F882B2A49B000052FD1 /* BaseViewController.swift in Sources */,
				524CF6F42B2C3A9C003B53DF /* InitialRouter.swift in Sources */,
				52C70F902B2A4EC300052FD1 /* UICollectionViewCell + extension.swift in Sources */,
				52C70F682B2A431D00052FD1 /* TabBarController.swift in Sources */,
				52C70F932B2A54E100052FD1 /* APIEndpoints.swift in Sources */,
				52C70F792B2A471F00052FD1 /* HistoryViewController.swift in Sources */,
				52C70F8D2B2A4E8200052FD1 /* CategoryCollectionViewCell.swift in Sources */,
				524CF7002B2C4F19003B53DF /* TabBarPresenter.swift in Sources */,
				524CF70B2B2C5B7F003B53DF /* ListProductViewController.swift in Sources */,
				524CF6FE2B2C4EF7003B53DF /* TabBarPresenterProtocol.swift in Sources */,
				52C70F972B2A561D00052FD1 /* ProductCategory.swift in Sources */,
				524CF7042B2C4F91003B53DF /* TabBarProtocol.swift in Sources */,
				52C70F7E2B2A473C00052FD1 /* InfoViewController.swift in Sources */,
				52C70F322B2A41E400052FD1 /* SceneDelegate.swift in Sources */,
			);
			runOnlyForDeploymentPostprocessing = 0;
		};
		52C70F412B2A41E800052FD1 /* Sources */ = {
			isa = PBXSourcesBuildPhase;
			buildActionMask = 2147483647;
			files = (
				52C70F4A2B2A41E800052FD1 /* EcoMarketTests.swift in Sources */,
			);
			runOnlyForDeploymentPostprocessing = 0;
		};
		52C70F4B2B2A41E900052FD1 /* Sources */ = {
			isa = PBXSourcesBuildPhase;
			buildActionMask = 2147483647;
			files = (
				52C70F562B2A41E900052FD1 /* EcoMarketUITestsLaunchTests.swift in Sources */,
				52C70F542B2A41E900052FD1 /* EcoMarketUITests.swift in Sources */,
			);
			runOnlyForDeploymentPostprocessing = 0;
		};
/* End PBXSourcesBuildPhase section */

/* Begin PBXTargetDependency section */
		52C70F472B2A41E800052FD1 /* PBXTargetDependency */ = {
			isa = PBXTargetDependency;
			target = 52C70F2B2B2A41E400052FD1 /* EcoMarket */;
			targetProxy = 52C70F462B2A41E800052FD1 /* PBXContainerItemProxy */;
		};
		52C70F512B2A41E900052FD1 /* PBXTargetDependency */ = {
			isa = PBXTargetDependency;
			target = 52C70F2B2B2A41E400052FD1 /* EcoMarket */;
			targetProxy = 52C70F502B2A41E900052FD1 /* PBXContainerItemProxy */;
		};
/* End PBXTargetDependency section */

/* Begin PBXVariantGroup section */
		52C70F3D2B2A41E800052FD1 /* LaunchScreen.storyboard */ = {
			isa = PBXVariantGroup;
			children = (
				52C70F3E2B2A41E800052FD1 /* Base */,
			);
			name = LaunchScreen.storyboard;
			sourceTree = "<group>";
		};
/* End PBXVariantGroup section */

/* Begin XCBuildConfiguration section */
		52C70F572B2A41E900052FD1 /* Debug */ = {
			isa = XCBuildConfiguration;
			buildSettings = {
				ALWAYS_SEARCH_USER_PATHS = NO;
				CLANG_ANALYZER_NONNULL = YES;
				CLANG_ANALYZER_NUMBER_OBJECT_CONVERSION = YES_AGGRESSIVE;
				CLANG_CXX_LANGUAGE_STANDARD = "gnu++20";
				CLANG_ENABLE_MODULES = YES;
				CLANG_ENABLE_OBJC_ARC = YES;
				CLANG_ENABLE_OBJC_WEAK = YES;
				CLANG_WARN_BLOCK_CAPTURE_AUTORELEASING = YES;
				CLANG_WARN_BOOL_CONVERSION = YES;
				CLANG_WARN_COMMA = YES;
				CLANG_WARN_CONSTANT_CONVERSION = YES;
				CLANG_WARN_DEPRECATED_OBJC_IMPLEMENTATIONS = YES;
				CLANG_WARN_DIRECT_OBJC_ISA_USAGE = YES_ERROR;
				CLANG_WARN_DOCUMENTATION_COMMENTS = YES;
				CLANG_WARN_EMPTY_BODY = YES;
				CLANG_WARN_ENUM_CONVERSION = YES;
				CLANG_WARN_INFINITE_RECURSION = YES;
				CLANG_WARN_INT_CONVERSION = YES;
				CLANG_WARN_NON_LITERAL_NULL_CONVERSION = YES;
				CLANG_WARN_OBJC_IMPLICIT_RETAIN_SELF = YES;
				CLANG_WARN_OBJC_LITERAL_CONVERSION = YES;
				CLANG_WARN_OBJC_ROOT_CLASS = YES_ERROR;
				CLANG_WARN_QUOTED_INCLUDE_IN_FRAMEWORK_HEADER = YES;
				CLANG_WARN_RANGE_LOOP_ANALYSIS = YES;
				CLANG_WARN_STRICT_PROTOTYPES = YES;
				CLANG_WARN_SUSPICIOUS_MOVE = YES;
				CLANG_WARN_UNGUARDED_AVAILABILITY = YES_AGGRESSIVE;
				CLANG_WARN_UNREACHABLE_CODE = YES;
				CLANG_WARN__DUPLICATE_METHOD_MATCH = YES;
				COPY_PHASE_STRIP = NO;
				DEBUG_INFORMATION_FORMAT = dwarf;
				ENABLE_STRICT_OBJC_MSGSEND = YES;
				ENABLE_TESTABILITY = YES;
				GCC_C_LANGUAGE_STANDARD = gnu11;
				GCC_DYNAMIC_NO_PIC = NO;
				GCC_NO_COMMON_BLOCKS = YES;
				GCC_OPTIMIZATION_LEVEL = 0;
				GCC_PREPROCESSOR_DEFINITIONS = (
					"DEBUG=1",
					"$(inherited)",
				);
				GCC_WARN_64_TO_32_BIT_CONVERSION = YES;
				GCC_WARN_ABOUT_RETURN_TYPE = YES_ERROR;
				GCC_WARN_UNDECLARED_SELECTOR = YES;
				GCC_WARN_UNINITIALIZED_AUTOS = YES_AGGRESSIVE;
				GCC_WARN_UNUSED_FUNCTION = YES;
				GCC_WARN_UNUSED_VARIABLE = YES;
				IPHONEOS_DEPLOYMENT_TARGET = 16.4;
				MTL_ENABLE_DEBUG_INFO = INCLUDE_SOURCE;
				MTL_FAST_MATH = YES;
				ONLY_ACTIVE_ARCH = YES;
				SDKROOT = iphoneos;
				SWIFT_ACTIVE_COMPILATION_CONDITIONS = DEBUG;
				SWIFT_OPTIMIZATION_LEVEL = "-Onone";
			};
			name = Debug;
		};
		52C70F582B2A41E900052FD1 /* Release */ = {
			isa = XCBuildConfiguration;
			buildSettings = {
				ALWAYS_SEARCH_USER_PATHS = NO;
				CLANG_ANALYZER_NONNULL = YES;
				CLANG_ANALYZER_NUMBER_OBJECT_CONVERSION = YES_AGGRESSIVE;
				CLANG_CXX_LANGUAGE_STANDARD = "gnu++20";
				CLANG_ENABLE_MODULES = YES;
				CLANG_ENABLE_OBJC_ARC = YES;
				CLANG_ENABLE_OBJC_WEAK = YES;
				CLANG_WARN_BLOCK_CAPTURE_AUTORELEASING = YES;
				CLANG_WARN_BOOL_CONVERSION = YES;
				CLANG_WARN_COMMA = YES;
				CLANG_WARN_CONSTANT_CONVERSION = YES;
				CLANG_WARN_DEPRECATED_OBJC_IMPLEMENTATIONS = YES;
				CLANG_WARN_DIRECT_OBJC_ISA_USAGE = YES_ERROR;
				CLANG_WARN_DOCUMENTATION_COMMENTS = YES;
				CLANG_WARN_EMPTY_BODY = YES;
				CLANG_WARN_ENUM_CONVERSION = YES;
				CLANG_WARN_INFINITE_RECURSION = YES;
				CLANG_WARN_INT_CONVERSION = YES;
				CLANG_WARN_NON_LITERAL_NULL_CONVERSION = YES;
				CLANG_WARN_OBJC_IMPLICIT_RETAIN_SELF = YES;
				CLANG_WARN_OBJC_LITERAL_CONVERSION = YES;
				CLANG_WARN_OBJC_ROOT_CLASS = YES_ERROR;
				CLANG_WARN_QUOTED_INCLUDE_IN_FRAMEWORK_HEADER = YES;
				CLANG_WARN_RANGE_LOOP_ANALYSIS = YES;
				CLANG_WARN_STRICT_PROTOTYPES = YES;
				CLANG_WARN_SUSPICIOUS_MOVE = YES;
				CLANG_WARN_UNGUARDED_AVAILABILITY = YES_AGGRESSIVE;
				CLANG_WARN_UNREACHABLE_CODE = YES;
				CLANG_WARN__DUPLICATE_METHOD_MATCH = YES;
				COPY_PHASE_STRIP = NO;
				DEBUG_INFORMATION_FORMAT = "dwarf-with-dsym";
				ENABLE_NS_ASSERTIONS = NO;
				ENABLE_STRICT_OBJC_MSGSEND = YES;
				GCC_C_LANGUAGE_STANDARD = gnu11;
				GCC_NO_COMMON_BLOCKS = YES;
				GCC_WARN_64_TO_32_BIT_CONVERSION = YES;
				GCC_WARN_ABOUT_RETURN_TYPE = YES_ERROR;
				GCC_WARN_UNDECLARED_SELECTOR = YES;
				GCC_WARN_UNINITIALIZED_AUTOS = YES_AGGRESSIVE;
				GCC_WARN_UNUSED_FUNCTION = YES;
				GCC_WARN_UNUSED_VARIABLE = YES;
				IPHONEOS_DEPLOYMENT_TARGET = 16.4;
				MTL_ENABLE_DEBUG_INFO = NO;
				MTL_FAST_MATH = YES;
				SDKROOT = iphoneos;
				SWIFT_COMPILATION_MODE = wholemodule;
				SWIFT_OPTIMIZATION_LEVEL = "-O";
				VALIDATE_PRODUCT = YES;
			};
			name = Release;
		};
		52C70F5A2B2A41E900052FD1 /* Debug */ = {
			isa = XCBuildConfiguration;
			buildSettings = {
				ASSETCATALOG_COMPILER_APPICON_NAME = AppIcon;
				ASSETCATALOG_COMPILER_GLOBAL_ACCENT_COLOR_NAME = AccentColor;
				CODE_SIGN_STYLE = Automatic;
				CURRENT_PROJECT_VERSION = 1;
				DEVELOPMENT_TEAM = F7W7R66652;
				GENERATE_INFOPLIST_FILE = YES;
				INFOPLIST_FILE = EcoMarket/Resourse/Info.plist;
				INFOPLIST_KEY_UIApplicationSupportsIndirectInputEvents = YES;
				INFOPLIST_KEY_UILaunchStoryboardName = LaunchScreen;
				INFOPLIST_KEY_UISupportedInterfaceOrientations_iPad = "UIInterfaceOrientationPortrait UIInterfaceOrientationPortraitUpsideDown UIInterfaceOrientationLandscapeLeft UIInterfaceOrientationLandscapeRight";
				INFOPLIST_KEY_UISupportedInterfaceOrientations_iPhone = "UIInterfaceOrientationPortrait UIInterfaceOrientationLandscapeLeft UIInterfaceOrientationLandscapeRight";
				LD_RUNPATH_SEARCH_PATHS = (
					"$(inherited)",
					"@executable_path/Frameworks",
				);
				MARKETING_VERSION = 1.0;
				PRODUCT_BUNDLE_IDENTIFIER = Com.ERACompany.EcoMarket;
				PRODUCT_NAME = "$(TARGET_NAME)";
				SWIFT_EMIT_LOC_STRINGS = YES;
				SWIFT_VERSION = 5.0;
				TARGETED_DEVICE_FAMILY = "1,2";
			};
			name = Debug;
		};
		52C70F5B2B2A41E900052FD1 /* Release */ = {
			isa = XCBuildConfiguration;
			buildSettings = {
				ASSETCATALOG_COMPILER_APPICON_NAME = AppIcon;
				ASSETCATALOG_COMPILER_GLOBAL_ACCENT_COLOR_NAME = AccentColor;
				CODE_SIGN_STYLE = Automatic;
				CURRENT_PROJECT_VERSION = 1;
				DEVELOPMENT_TEAM = F7W7R66652;
				GENERATE_INFOPLIST_FILE = YES;
				INFOPLIST_FILE = EcoMarket/Resourse/Info.plist;
				INFOPLIST_KEY_UIApplicationSupportsIndirectInputEvents = YES;
				INFOPLIST_KEY_UILaunchStoryboardName = LaunchScreen;
				INFOPLIST_KEY_UISupportedInterfaceOrientations_iPad = "UIInterfaceOrientationPortrait UIInterfaceOrientationPortraitUpsideDown UIInterfaceOrientationLandscapeLeft UIInterfaceOrientationLandscapeRight";
				INFOPLIST_KEY_UISupportedInterfaceOrientations_iPhone = "UIInterfaceOrientationPortrait UIInterfaceOrientationLandscapeLeft UIInterfaceOrientationLandscapeRight";
				LD_RUNPATH_SEARCH_PATHS = (
					"$(inherited)",
					"@executable_path/Frameworks",
				);
				MARKETING_VERSION = 1.0;
				PRODUCT_BUNDLE_IDENTIFIER = Com.ERACompany.EcoMarket;
				PRODUCT_NAME = "$(TARGET_NAME)";
				SWIFT_EMIT_LOC_STRINGS = YES;
				SWIFT_VERSION = 5.0;
				TARGETED_DEVICE_FAMILY = "1,2";
			};
			name = Release;
		};
		52C70F5D2B2A41E900052FD1 /* Debug */ = {
			isa = XCBuildConfiguration;
			buildSettings = {
				ALWAYS_EMBED_SWIFT_STANDARD_LIBRARIES = YES;
				BUNDLE_LOADER = "$(TEST_HOST)";
				CODE_SIGN_STYLE = Automatic;
				CURRENT_PROJECT_VERSION = 1;
				DEVELOPMENT_TEAM = F7W7R66652;
				GENERATE_INFOPLIST_FILE = YES;
				IPHONEOS_DEPLOYMENT_TARGET = 16.4;
				MARKETING_VERSION = 1.0;
				PRODUCT_BUNDLE_IDENTIFIER = Com.ERACompany.EcoMarketTests;
				PRODUCT_NAME = "$(TARGET_NAME)";
				SWIFT_EMIT_LOC_STRINGS = NO;
				SWIFT_VERSION = 5.0;
				TARGETED_DEVICE_FAMILY = "1,2";
				TEST_HOST = "$(BUILT_PRODUCTS_DIR)/EcoMarket.app/$(BUNDLE_EXECUTABLE_FOLDER_PATH)/EcoMarket";
			};
			name = Debug;
		};
		52C70F5E2B2A41E900052FD1 /* Release */ = {
			isa = XCBuildConfiguration;
			buildSettings = {
				ALWAYS_EMBED_SWIFT_STANDARD_LIBRARIES = YES;
				BUNDLE_LOADER = "$(TEST_HOST)";
				CODE_SIGN_STYLE = Automatic;
				CURRENT_PROJECT_VERSION = 1;
				DEVELOPMENT_TEAM = F7W7R66652;
				GENERATE_INFOPLIST_FILE = YES;
				IPHONEOS_DEPLOYMENT_TARGET = 16.4;
				MARKETING_VERSION = 1.0;
				PRODUCT_BUNDLE_IDENTIFIER = Com.ERACompany.EcoMarketTests;
				PRODUCT_NAME = "$(TARGET_NAME)";
				SWIFT_EMIT_LOC_STRINGS = NO;
				SWIFT_VERSION = 5.0;
				TARGETED_DEVICE_FAMILY = "1,2";
				TEST_HOST = "$(BUILT_PRODUCTS_DIR)/EcoMarket.app/$(BUNDLE_EXECUTABLE_FOLDER_PATH)/EcoMarket";
			};
			name = Release;
		};
		52C70F602B2A41E900052FD1 /* Debug */ = {
			isa = XCBuildConfiguration;
			buildSettings = {
				ALWAYS_EMBED_SWIFT_STANDARD_LIBRARIES = YES;
				CODE_SIGN_STYLE = Automatic;
				CURRENT_PROJECT_VERSION = 1;
				DEVELOPMENT_TEAM = F7W7R66652;
				GENERATE_INFOPLIST_FILE = YES;
				MARKETING_VERSION = 1.0;
				PRODUCT_BUNDLE_IDENTIFIER = Com.ERACompany.EcoMarketUITests;
				PRODUCT_NAME = "$(TARGET_NAME)";
				SWIFT_EMIT_LOC_STRINGS = NO;
				SWIFT_VERSION = 5.0;
				TARGETED_DEVICE_FAMILY = "1,2";
				TEST_TARGET_NAME = EcoMarket;
			};
			name = Debug;
		};
		52C70F612B2A41E900052FD1 /* Release */ = {
			isa = XCBuildConfiguration;
			buildSettings = {
				ALWAYS_EMBED_SWIFT_STANDARD_LIBRARIES = YES;
				CODE_SIGN_STYLE = Automatic;
				CURRENT_PROJECT_VERSION = 1;
				DEVELOPMENT_TEAM = F7W7R66652;
				GENERATE_INFOPLIST_FILE = YES;
				MARKETING_VERSION = 1.0;
				PRODUCT_BUNDLE_IDENTIFIER = Com.ERACompany.EcoMarketUITests;
				PRODUCT_NAME = "$(TARGET_NAME)";
				SWIFT_EMIT_LOC_STRINGS = NO;
				SWIFT_VERSION = 5.0;
				TARGETED_DEVICE_FAMILY = "1,2";
				TEST_TARGET_NAME = EcoMarket;
			};
			name = Release;
		};
/* End XCBuildConfiguration section */

/* Begin XCConfigurationList section */
		52C70F272B2A41E400052FD1 /* Build configuration list for PBXProject "EcoMarket" */ = {
			isa = XCConfigurationList;
			buildConfigurations = (
				52C70F572B2A41E900052FD1 /* Debug */,
				52C70F582B2A41E900052FD1 /* Release */,
			);
			defaultConfigurationIsVisible = 0;
			defaultConfigurationName = Release;
		};
		52C70F592B2A41E900052FD1 /* Build configuration list for PBXNativeTarget "EcoMarket" */ = {
			isa = XCConfigurationList;
			buildConfigurations = (
				52C70F5A2B2A41E900052FD1 /* Debug */,
				52C70F5B2B2A41E900052FD1 /* Release */,
			);
			defaultConfigurationIsVisible = 0;
			defaultConfigurationName = Release;
		};
		52C70F5C2B2A41E900052FD1 /* Build configuration list for PBXNativeTarget "EcoMarketTests" */ = {
			isa = XCConfigurationList;
			buildConfigurations = (
				52C70F5D2B2A41E900052FD1 /* Debug */,
				52C70F5E2B2A41E900052FD1 /* Release */,
			);
			defaultConfigurationIsVisible = 0;
			defaultConfigurationName = Release;
		};
		52C70F5F2B2A41E900052FD1 /* Build configuration list for PBXNativeTarget "EcoMarketUITests" */ = {
			isa = XCConfigurationList;
			buildConfigurations = (
				52C70F602B2A41E900052FD1 /* Debug */,
				52C70F612B2A41E900052FD1 /* Release */,
			);
			defaultConfigurationIsVisible = 0;
			defaultConfigurationName = Release;
		};
/* End XCConfigurationList section */

/* Begin XCRemoteSwiftPackageReference section */
		52C70F982B2A567700052FD1 /* XCRemoteSwiftPackageReference "Kingfisher" */ = {
			isa = XCRemoteSwiftPackageReference;
			repositoryURL = "https://github.com/onevcat/Kingfisher";
			requirement = {
				kind = upToNextMajorVersion;
				minimumVersion = 7.0.0;
			};
		};
/* End XCRemoteSwiftPackageReference section */

/* Begin XCSwiftPackageProductDependency section */
		52C70F992B2A567700052FD1 /* Kingfisher */ = {
			isa = XCSwiftPackageProductDependency;
			package = 52C70F982B2A567700052FD1 /* XCRemoteSwiftPackageReference "Kingfisher" */;
			productName = Kingfisher;
		};
/* End XCSwiftPackageProductDependency section */

/* Begin XCVersionGroup section */
		52C70F382B2A41E400052FD1 /* EcoMarket.xcdatamodeld */ = {
			isa = XCVersionGroup;
			children = (
				52C70F392B2A41E400052FD1 /* EcoMarket.xcdatamodel */,
			);
			currentVersion = 52C70F392B2A41E400052FD1 /* EcoMarket.xcdatamodel */;
			path = EcoMarket.xcdatamodeld;
			sourceTree = "<group>";
			versionGroupType = wrapper.xcdatamodel;
		};
/* End XCVersionGroup section */
	};
	rootObject = 52C70F242B2A41E400052FD1 /* Project object */;
}
